
Microsoft Visual Studio Solution File, Format Version 12.00
# Visual Studio Version 17
VisualStudioVersion = 17.3.32819.101
MinimumVisualStudioVersion = 10.0.40219.1
Project("{9A19103F-16F7-4668-BE54-9A1E7A4F7556}") = "PasswordManagerServer", "PasswordManagerServer\PasswordManagerServer.csproj", "{D6853A23-F33C-4251-A63E-60C034AD080B}"
EndProject
Project("{9A19103F-16F7-4668-BE54-9A1E7A4F7556}") = "PasswordManagerConsumer", "PasswordManagerConsumer\PasswordManagerConsumer.csproj", "{D895FEB8-BB39-4DD1-8CAC-6F596986DD8D}"
EndProject
Project("{FAE04EC0-301F-11D3-BF4B-00C04F79EFBC}") = "Manager.DAL", "Manager.DAL\Manager.DAL.csproj", "{15F7B54B-7A4A-4F3A-9F00-3EEBEB6064B4}"
EndProject
Project("{FAE04EC0-301F-11D3-BF4B-00C04F79EFBC}") = "Manager.BL", "Manager.BL\Manager.BL.csproj", "{5B6C3202-FFC5-427E-8B3F-294AD84A183C}"
EndProject
Global
	GlobalSection(SolutionConfigurationPlatforms) = preSolution
		Debug|Any CPU = Debug|Any CPU
		Release|Any CPU = Release|Any CPU
	EndGlobalSection
	GlobalSection(ProjectConfigurationPlatforms) = postSolution
		{D6853A23-F33C-4251-A63E-60C034AD080B}.Debug|Any CPU.ActiveCfg = Debug|Any CPU
		{D6853A23-F33C-4251-A63E-60C034AD080B}.Debug|Any CPU.Build.0 = Debug|Any CPU
		{D6853A23-F33C-4251-A63E-60C034AD080B}.Release|Any CPU.ActiveCfg = Release|Any CPU
		{D6853A23-F33C-4251-A63E-60C034AD080B}.Release|Any CPU.Build.0 = Release|Any CPU
		{D895FEB8-BB39-4DD1-8CAC-6F596986DD8D}.Debug|Any CPU.ActiveCfg = Debug|Any CPU
		{D895FEB8-BB39-4DD1-8CAC-6F596986DD8D}.Debug|Any CPU.Build.0 = Debug|Any CPU
		{D895FEB8-BB39-4DD1-8CAC-6F596986DD8D}.Release|Any CPU.ActiveCfg = Release|Any CPU
		{D895FEB8-BB39-4DD1-8CAC-6F596986DD8D}.Release|Any CPU.Build.0 = Release|Any CPU
		{15F7B54B-7A4A-4F3A-9F00-3EEBEB6064B4}.Debug|Any CPU.ActiveCfg = Debug|Any CPU
		{15F7B54B-7A4A-4F3A-9F00-3EEBEB6064B4}.Debug|Any CPU.Build.0 = Debug|Any CPU
		{15F7B54B-7A4A-4F3A-9F00-3EEBEB6064B4}.Release|Any CPU.ActiveCfg = Release|Any CPU
		{15F7B54B-7A4A-4F3A-9F00-3EEBEB6064B4}.Release|Any CPU.Build.0 = Release|Any CPU
		{5B6C3202-FFC5-427E-8B3F-294AD84A183C}.Debug|Any CPU.ActiveCfg = Debug|Any CPU
		{5B6C3202-FFC5-427E-8B3F-294AD84A183C}.Debug|Any CPU.Build.0 = Debug|Any CPU
		{5B6C3202-FFC5-427E-8B3F-294AD84A183C}.Release|Any CPU.ActiveCfg = Release|Any CPU
		{5B6C3202-FFC5-427E-8B3F-294AD84A183C}.Release|Any CPU.Build.0 = Release|Any CPU
	EndGlobalSection
	GlobalSection(SolutionProperties) = preSolution
		HideSolutionNode = FALSE
	EndGlobalSection
	GlobalSection(ExtensibilityGlobals) = postSolution
		SolutionGuid = {C8EEB95F-B127-41D6-9471-75D548A50790}
	EndGlobalSection
EndGlobal
